
Microsoft Visual Studio Solution File, Format Version 12.00
# Visual Studio 15
VisualStudioVersion = 15.0.25928.0
MinimumVisualStudioVersion = 10.0.40219.1
Project("{2150E333-8FDC-42A3-9474-1A3956D46DE8}") = "src", "src", "{F95F4E90-9D1D-4A93-9FAF-227233091157}"
EndProject
Project("{2150E333-8FDC-42A3-9474-1A3956D46DE8}") = "Solution Items", "Solution Items", "{0B8058A1-4141-4F0A-AB27-4F702EE004AA}"
	ProjectSection(SolutionItems) = preProject
		global.json = global.json
	EndProjectSection
EndProject
Project("{9A19103F-16F7-4668-BE54-9A1E7A4F7556}") = "Warsztaty", "src\Warsztaty\Warsztaty.csproj", "{EAD86F40-CA13-43B1-8800-5CBDB227DC7E}"
EndProject
Global
	GlobalSection(SolutionConfigurationPlatforms) = preSolution
		Debug|Any CPU = Debug|Any CPU
		Release|Any CPU = Release|Any CPU
	EndGlobalSection
	GlobalSection(ProjectConfigurationPlatforms) = postSolution
		{EAD86F40-CA13-43B1-8800-5CBDB227DC7E}.Debug|Any CPU.ActiveCfg = Debug|Any CPU
		{EAD86F40-CA13-43B1-8800-5CBDB227DC7E}.Debug|Any CPU.Build.0 = Debug|Any CPU
		{EAD86F40-CA13-43B1-8800-5CBDB227DC7E}.Release|Any CPU.ActiveCfg = Debug|Any CPU
		{EAD86F40-CA13-43B1-8800-5CBDB227DC7E}.Release|Any CPU.Build.0 = Debug|Any CPU
	EndGlobalSection
	GlobalSection(SolutionProperties) = preSolution
		HideSolutionNode = FALSE
	EndGlobalSection
	GlobalSection(NestedProjects) = preSolution
		{EAD86F40-CA13-43B1-8800-5CBDB227DC7E} = {F95F4E90-9D1D-4A93-9FAF-227233091157}
	EndGlobalSection
EndGlobal
